
Microsoft Visual Studio Solution File, Format Version 12.00
# Visual Studio Version 16
VisualStudioVersion = 16.0.34407.143
MinimumVisualStudioVersion = 10.0.40219.1
Project("{FAE04EC0-301F-11D3-BF4B-00C04F79EFBC}") = "Задание 3", "Задание 3.csproj", "{9044461B-9FDD-4E48-A8A3-67811738759C}"
EndProject
Global
	GlobalSection(SolutionConfigurationPlatforms) = preSolution
		Debug|Any CPU = Debug|Any CPU
		Release|Any CPU = Release|Any CPU
	EndGlobalSection
	GlobalSection(ProjectConfigurationPlatforms) = postSolution
		{9044461B-9FDD-4E48-A8A3-67811738759C}.Debug|Any CPU.ActiveCfg = Debug|Any CPU
		{9044461B-9FDD-4E48-A8A3-67811738759C}.Debug|Any CPU.Build.0 = Debug|Any CPU
		{9044461B-9FDD-4E48-A8A3-67811738759C}.Release|Any CPU.ActiveCfg = Release|Any CPU
		{9044461B-9FDD-4E48-A8A3-67811738759C}.Release|Any CPU.Build.0 = Release|Any CPU
	EndGlobalSection
	GlobalSection(SolutionProperties) = preSolution
		HideSolutionNode = FALSE
	EndGlobalSection
	GlobalSection(ExtensibilityGlobals) = postSolution
		SolutionGuid = {DA904541-4D01-4BE5-B79A-9FA8AEFE356F}
	EndGlobalSection
EndGlobal
